// !$*UTF8*$!
{
	archiveVersion = 1;
	classes = {
	};
	objectVersion = 56;
	objects = {

/* Begin PBXBuildFile section */
		081244E9291D96EB001BA6FE /* SettingsTableViewController.swift in Sources */ = {isa = PBXBuildFile; fileRef = 081244E8291D96EB001BA6FE /* SettingsTableViewController.swift */; };
		081244EB291DA4F9001BA6FE /* EditProfileTableViewController.swift in Sources */ = {isa = PBXBuildFile; fileRef = 081244EA291DA4F9001BA6FE /* EditProfileTableViewController.swift */; };
		081EFC91292E86CC0050A5FC /* RealmManager.swift in Sources */ = {isa = PBXBuildFile; fileRef = 081EFC90292E86CC0050A5FC /* RealmManager.swift */; };
		081EFC93292E89740050A5FC /* OutgoingMessage.swift in Sources */ = {isa = PBXBuildFile; fileRef = 081EFC92292E89730050A5FC /* OutgoingMessage.swift */; };
		08213772292909E500AE4DEA /* ChatViewController.swift in Sources */ = {isa = PBXBuildFile; fileRef = 08213771292909E500AE4DEA /* ChatViewController.swift */; };
		08225372292CE0820093B57B /* MessagesDataSource.swift in Sources */ = {isa = PBXBuildFile; fileRef = 08225371292CE0820093B57B /* MessagesDataSource.swift */; };
		08225375292CE0990093B57B /* MessageCellDelegate.swift in Sources */ = {isa = PBXBuildFile; fileRef = 08225374292CE0990093B57B /* MessageCellDelegate.swift */; };
		08225377292CE0A30093B57B /* MessagesDisplayDelegate.swift in Sources */ = {isa = PBXBuildFile; fileRef = 08225376292CE0A30093B57B /* MessagesDisplayDelegate.swift */; };
		08225379292CE0AD0093B57B /* MessagesLayoutDelegate.swift in Sources */ = {isa = PBXBuildFile; fileRef = 08225378292CE0AD0093B57B /* MessagesLayoutDelegate.swift */; };
		0822537B292CE0C20093B57B /* InputBarAccessoryViewDelegate.swift in Sources */ = {isa = PBXBuildFile; fileRef = 0822537A292CE0C20093B57B /* InputBarAccessoryViewDelegate.swift */; };
		0822BEC92927AEFC008FF7C4 /* StartChat.swift in Sources */ = {isa = PBXBuildFile; fileRef = 0822BEC82927AEFC008FF7C4 /* StartChat.swift */; };
		0822BECB2927B40D008FF7C4 /* FirebaseRecentListener.swift in Sources */ = {isa = PBXBuildFile; fileRef = 0822BECA2927B40D008FF7C4 /* FirebaseRecentListener.swift */; };
		0822BECD2927C2FB008FF7C4 /* ChatsTableViewController.swift in Sources */ = {isa = PBXBuildFile; fileRef = 0822BECC2927C2FB008FF7C4 /* ChatsTableViewController.swift */; };
		0844D269292649330052383B /* RecentTableViewCell.swift in Sources */ = {isa = PBXBuildFile; fileRef = 0844D268292649330052383B /* RecentTableViewCell.swift */; };
		084A5B1E2915C19600F1F522 /* AppDelegate.swift in Sources */ = {isa = PBXBuildFile; fileRef = 084A5B1D2915C19600F1F522 /* AppDelegate.swift */; };
		084A5B202915C19600F1F522 /* SceneDelegate.swift in Sources */ = {isa = PBXBuildFile; fileRef = 084A5B1F2915C19600F1F522 /* SceneDelegate.swift */; };
		084A5B222915C19600F1F522 /* LoginViewController.swift in Sources */ = {isa = PBXBuildFile; fileRef = 084A5B212915C19600F1F522 /* LoginViewController.swift */; };
		084A5B252915C19600F1F522 /* Main.storyboard in Resources */ = {isa = PBXBuildFile; fileRef = 084A5B232915C19600F1F522 /* Main.storyboard */; };
		084A5B272915C19800F1F522 /* Assets.xcassets in Resources */ = {isa = PBXBuildFile; fileRef = 084A5B262915C19800F1F522 /* Assets.xcassets */; };
		084A5B2A2915C19800F1F522 /* LaunchScreen.storyboard in Resources */ = {isa = PBXBuildFile; fileRef = 084A5B282915C19800F1F522 /* LaunchScreen.storyboard */; };
		084E3D832916FDA000EC243D /* GoogleService-Info.plist in Resources */ = {isa = PBXBuildFile; fileRef = 084E3D822916FDA000EC243D /* GoogleService-Info.plist */; };
		084E3D89291AEBA200EC243D /* User.swift in Sources */ = {isa = PBXBuildFile; fileRef = 084E3D88291AEBA200EC243D /* User.swift */; };
		084E3D8C291AED7000EC243D /* Constants.swift in Sources */ = {isa = PBXBuildFile; fileRef = 084E3D8B291AED7000EC243D /* Constants.swift */; };
		084E3D8E291AEF3F00EC243D /* FirebaseCollectionReference.swift in Sources */ = {isa = PBXBuildFile; fileRef = 084E3D8D291AEF3F00EC243D /* FirebaseCollectionReference.swift */; };
		084E3D91291AEFF200EC243D /* FirebaseUserListener.swift in Sources */ = {isa = PBXBuildFile; fileRef = 084E3D90291AEFF200EC243D /* FirebaseUserListener.swift */; };
		0857336A293AB4C4005436D6 /* MapViewController.swift in Sources */ = {isa = PBXBuildFile; fileRef = 08573369293AB4C4005436D6 /* MapViewController.swift */; };
		0857336C293AB5A2005436D6 /* MapAnnotation.swift in Sources */ = {isa = PBXBuildFile; fileRef = 0857336B293AB5A2005436D6 /* MapAnnotation.swift */; };
		085FCB6329254D3200092021 /* RecentChat.swift in Sources */ = {isa = PBXBuildFile; fileRef = 085FCB6229254D3200092021 /* RecentChat.swift */; };
		08729EDC293DF63000CAA41B /* AudioRecorder.swift in Sources */ = {isa = PBXBuildFile; fileRef = 08729EDB293DF63000CAA41B /* AudioRecorder.swift */; };
		08729EDE293DFEEF00CAA41B /* AudioMessage.swift in Sources */ = {isa = PBXBuildFile; fileRef = 08729EDD293DFEEF00CAA41B /* AudioMessage.swift */; };
		087A467A291EEDC500B5838A /* FileStorage.swift in Sources */ = {isa = PBXBuildFile; fileRef = 087A4679291EEDC500B5838A /* FileStorage.swift */; };
		087A467D291FCA4600B5838A /* GlobalFunctions.swift in Sources */ = {isa = PBXBuildFile; fileRef = 087A467C291FCA4600B5838A /* GlobalFunctions.swift */; };
		087A467F291FD0C600B5838A /* Extensions .swift in Sources */ = {isa = PBXBuildFile; fileRef = 087A467E291FD0C600B5838A /* Extensions .swift */; };
		087A4681291FD4C800B5838A /* Status.swift in Sources */ = {isa = PBXBuildFile; fileRef = 087A4680291FD4C800B5838A /* Status.swift */; };
		087A4683291FD7CB00B5838A /* StatusTableViewController.swift in Sources */ = {isa = PBXBuildFile; fileRef = 087A4682291FD7CB00B5838A /* StatusTableViewController.swift */; };
		087A46852922677100B5838A /* UserTableViewCell.swift in Sources */ = {isa = PBXBuildFile; fileRef = 087A46842922677100B5838A /* UserTableViewCell.swift */; };
		087A46872922679200B5838A /* UsersTableViewController.swift in Sources */ = {isa = PBXBuildFile; fileRef = 087A46862922679200B5838A /* UsersTableViewController.swift */; };
		087A46AA29243E3000B5838A /* ProfileTableViewController.swift in Sources */ = {isa = PBXBuildFile; fileRef = 087A46A929243E2F00B5838A /* ProfileTableViewController.swift */; };
		0881661529315A31009A069D /* IncomingMessage.swift in Sources */ = {isa = PBXBuildFile; fileRef = 0881661429315A31009A069D /* IncomingMessage.swift */; };
		08816A07292CE28A00D0FB49 /* MessageKitDefaults.swift in Sources */ = {isa = PBXBuildFile; fileRef = 08816A06292CE28A00D0FB49 /* MessageKitDefaults.swift */; };
		08816A09292CE61C00D0FB49 /* MKMessage.swift in Sources */ = {isa = PBXBuildFile; fileRef = 08816A08292CE61C00D0FB49 /* MKMessage.swift */; };
		08816A0B292CF0E700D0FB49 /* LocalMessage.swift in Sources */ = {isa = PBXBuildFile; fileRef = 08816A0A292CF0E600D0FB49 /* LocalMessage.swift */; };
		088226662940E4DD006E90C0 /* ChannelsTableViewController.swift in Sources */ = {isa = PBXBuildFile; fileRef = 088226652940E4DD006E90C0 /* ChannelsTableViewController.swift */; };
		088226682940E79A006E90C0 /* Channel.swift in Sources */ = {isa = PBXBuildFile; fileRef = 088226672940E79A006E90C0 /* Channel.swift */; };
		0882266A2940E91D006E90C0 /* ChannelTableViewCell.swift in Sources */ = {isa = PBXBuildFile; fileRef = 088226692940E91D006E90C0 /* ChannelTableViewCell.swift */; };
		089FCBC1293A486900B14FEF /* LocationMessage.swift in Sources */ = {isa = PBXBuildFile; fileRef = 089FCBC0293A486900B14FEF /* LocationMessage.swift */; };
		08A416C5293138ED0087431E /* FirebaseMessageListener.swift in Sources */ = {isa = PBXBuildFile; fileRef = 08A416C4293138ED0087431E /* FirebaseMessageListener.swift */; };
		08D78649293F8CC700698924 /* BasicAudioController.swift in Sources */ = {isa = PBXBuildFile; fileRef = 08D78648293F8CC700698924 /* BasicAudioController.swift */; };
		08D83A8A2942081C0066F8FF /* MyChannelsTableViewController.swift in Sources */ = {isa = PBXBuildFile; fileRef = 08D83A892942081C0066F8FF /* MyChannelsTableViewController.swift */; };
		08D83A8C2942082B0066F8FF /* AddChannelTableViewController.swift in Sources */ = {isa = PBXBuildFile; fileRef = 08D83A8B2942082B0066F8FF /* AddChannelTableViewController.swift */; };
		08D83A8E29420FCB0066F8FF /* FirebaseChannelListener.swift in Sources */ = {isa = PBXBuildFile; fileRef = 08D83A8D29420FCB0066F8FF /* FirebaseChannelListener.swift */; };
		08DFC3132934B40A00191B87 /* FirebaseTypingListener.swift in Sources */ = {isa = PBXBuildFile; fileRef = 08DFC3122934B40A00191B87 /* FirebaseTypingListener.swift */; };
		08F71F292938A0A000677EB1 /* PhotoMessage.swift in Sources */ = {isa = PBXBuildFile; fileRef = 08F71F282938A0A000677EB1 /* PhotoMessage.swift */; };
		08F71F2B2938A84100677EB1 /* VideoMessage.swift in Sources */ = {isa = PBXBuildFile; fileRef = 08F71F2A2938A84100677EB1 /* VideoMessage.swift */; };
		08FB2CD2293A28960041A222 /* LocationManager.swift in Sources */ = {isa = PBXBuildFile; fileRef = 08FB2CD1293A28960041A222 /* LocationManager.swift */; };
		948F6E7249A3E7FE0C7F8D76 /* Pods_Xchat.framework in Frameworks */ = {isa = PBXBuildFile; fileRef = 9AFE0BC0B2B95B317D721C61 /* Pods_Xchat.framework */; };
/* End PBXBuildFile section */

/* Begin PBXFileReference section */
		081244E8291D96EB001BA6FE /* SettingsTableViewController.swift */ = {isa = PBXFileReference; lastKnownFileType = sourcecode.swift; path = SettingsTableViewController.swift; sourceTree = "<group>"; };
		081244EA291DA4F9001BA6FE /* EditProfileTableViewController.swift */ = {isa = PBXFileReference; lastKnownFileType = sourcecode.swift; path = EditProfileTableViewController.swift; sourceTree = "<group>"; };
		081EFC90292E86CC0050A5FC /* RealmManager.swift */ = {isa = PBXFileReference; lastKnownFileType = sourcecode.swift; path = RealmManager.swift; sourceTree = "<group>"; };
		081EFC92292E89730050A5FC /* OutgoingMessage.swift */ = {isa = PBXFileReference; lastKnownFileType = sourcecode.swift; path = OutgoingMessage.swift; sourceTree = "<group>"; };
		08213771292909E500AE4DEA /* ChatViewController.swift */ = {isa = PBXFileReference; lastKnownFileType = sourcecode.swift; path = ChatViewController.swift; sourceTree = "<group>"; };
		08225371292CE0820093B57B /* MessagesDataSource.swift */ = {isa = PBXFileReference; lastKnownFileType = sourcecode.swift; path = MessagesDataSource.swift; sourceTree = "<group>"; };
		08225374292CE0990093B57B /* MessageCellDelegate.swift */ = {isa = PBXFileReference; lastKnownFileType = sourcecode.swift; path = MessageCellDelegate.swift; sourceTree = "<group>"; };
		08225376292CE0A30093B57B /* MessagesDisplayDelegate.swift */ = {isa = PBXFileReference; lastKnownFileType = sourcecode.swift; path = MessagesDisplayDelegate.swift; sourceTree = "<group>"; };
		08225378292CE0AD0093B57B /* MessagesLayoutDelegate.swift */ = {isa = PBXFileReference; lastKnownFileType = sourcecode.swift; path = MessagesLayoutDelegate.swift; sourceTree = "<group>"; };
		0822537A292CE0C20093B57B /* InputBarAccessoryViewDelegate.swift */ = {isa = PBXFileReference; lastKnownFileType = sourcecode.swift; path = InputBarAccessoryViewDelegate.swift; sourceTree = "<group>"; };
		0822BEC82927AEFC008FF7C4 /* StartChat.swift */ = {isa = PBXFileReference; lastKnownFileType = sourcecode.swift; path = StartChat.swift; sourceTree = "<group>"; };
		0822BECA2927B40D008FF7C4 /* FirebaseRecentListener.swift */ = {isa = PBXFileReference; lastKnownFileType = sourcecode.swift; path = FirebaseRecentListener.swift; sourceTree = "<group>"; };
		0822BECC2927C2FB008FF7C4 /* ChatsTableViewController.swift */ = {isa = PBXFileReference; lastKnownFileType = sourcecode.swift; path = ChatsTableViewController.swift; sourceTree = "<group>"; };
		0844D268292649330052383B /* RecentTableViewCell.swift */ = {isa = PBXFileReference; lastKnownFileType = sourcecode.swift; path = RecentTableViewCell.swift; sourceTree = "<group>"; };
		084A5B1A2915C19600F1F522 /* Xchat.app */ = {isa = PBXFileReference; explicitFileType = wrapper.application; includeInIndex = 0; path = Xchat.app; sourceTree = BUILT_PRODUCTS_DIR; };
		084A5B1D2915C19600F1F522 /* AppDelegate.swift */ = {isa = PBXFileReference; lastKnownFileType = sourcecode.swift; path = AppDelegate.swift; sourceTree = "<group>"; };
		084A5B1F2915C19600F1F522 /* SceneDelegate.swift */ = {isa = PBXFileReference; lastKnownFileType = sourcecode.swift; path = SceneDelegate.swift; sourceTree = "<group>"; };
		084A5B212915C19600F1F522 /* LoginViewController.swift */ = {isa = PBXFileReference; lastKnownFileType = sourcecode.swift; path = LoginViewController.swift; sourceTree = "<group>"; };
		084A5B242915C19600F1F522 /* Base */ = {isa = PBXFileReference; lastKnownFileType = file.storyboard; name = Base; path = Base.lproj/Main.storyboard; sourceTree = "<group>"; };
		084A5B262915C19800F1F522 /* Assets.xcassets */ = {isa = PBXFileReference; lastKnownFileType = folder.assetcatalog; path = Assets.xcassets; sourceTree = "<group>"; };
		084A5B292915C19800F1F522 /* Base */ = {isa = PBXFileReference; lastKnownFileType = file.storyboard; name = Base; path = Base.lproj/LaunchScreen.storyboard; sourceTree = "<group>"; };
		084A5B2B2915C19800F1F522 /* Info.plist */ = {isa = PBXFileReference; lastKnownFileType = text.plist.xml; path = Info.plist; sourceTree = "<group>"; };
		084E3D822916FDA000EC243D /* GoogleService-Info.plist */ = {isa = PBXFileReference; fileEncoding = 4; lastKnownFileType = text.plist.xml; path = "GoogleService-Info.plist"; sourceTree = "<group>"; };
		084E3D88291AEBA200EC243D /* User.swift */ = {isa = PBXFileReference; lastKnownFileType = sourcecode.swift; path = User.swift; sourceTree = "<group>"; };
		084E3D8B291AED7000EC243D /* Constants.swift */ = {isa = PBXFileReference; lastKnownFileType = sourcecode.swift; path = Constants.swift; sourceTree = "<group>"; };
		084E3D8D291AEF3F00EC243D /* FirebaseCollectionReference.swift */ = {isa = PBXFileReference; lastKnownFileType = sourcecode.swift; path = FirebaseCollectionReference.swift; sourceTree = "<group>"; };
		084E3D90291AEFF200EC243D /* FirebaseUserListener.swift */ = {isa = PBXFileReference; lastKnownFileType = sourcecode.swift; path = FirebaseUserListener.swift; sourceTree = "<group>"; };
		08573369293AB4C4005436D6 /* MapViewController.swift */ = {isa = PBXFileReference; lastKnownFileType = sourcecode.swift; path = MapViewController.swift; sourceTree = "<group>"; };
		0857336B293AB5A2005436D6 /* MapAnnotation.swift */ = {isa = PBXFileReference; lastKnownFileType = sourcecode.swift; path = MapAnnotation.swift; sourceTree = "<group>"; };
		085FCB6229254D3200092021 /* RecentChat.swift */ = {isa = PBXFileReference; lastKnownFileType = sourcecode.swift; path = RecentChat.swift; sourceTree = "<group>"; };
		08729EDB293DF63000CAA41B /* AudioRecorder.swift */ = {isa = PBXFileReference; lastKnownFileType = sourcecode.swift; path = AudioRecorder.swift; sourceTree = "<group>"; };
		08729EDD293DFEEF00CAA41B /* AudioMessage.swift */ = {isa = PBXFileReference; lastKnownFileType = sourcecode.swift; path = AudioMessage.swift; sourceTree = "<group>"; };
		087A4679291EEDC500B5838A /* FileStorage.swift */ = {isa = PBXFileReference; lastKnownFileType = sourcecode.swift; path = FileStorage.swift; sourceTree = "<group>"; };
		087A467C291FCA4600B5838A /* GlobalFunctions.swift */ = {isa = PBXFileReference; lastKnownFileType = sourcecode.swift; path = GlobalFunctions.swift; sourceTree = "<group>"; };
		087A467E291FD0C600B5838A /* Extensions .swift */ = {isa = PBXFileReference; lastKnownFileType = sourcecode.swift; path = "Extensions .swift"; sourceTree = "<group>"; };
		087A4680291FD4C800B5838A /* Status.swift */ = {isa = PBXFileReference; lastKnownFileType = sourcecode.swift; path = Status.swift; sourceTree = "<group>"; };
		087A4682291FD7CB00B5838A /* StatusTableViewController.swift */ = {isa = PBXFileReference; lastKnownFileType = sourcecode.swift; path = StatusTableViewController.swift; sourceTree = "<group>"; };
		087A46842922677100B5838A /* UserTableViewCell.swift */ = {isa = PBXFileReference; lastKnownFileType = sourcecode.swift; path = UserTableViewCell.swift; sourceTree = "<group>"; };
		087A46862922679200B5838A /* UsersTableViewController.swift */ = {isa = PBXFileReference; lastKnownFileType = sourcecode.swift; path = UsersTableViewController.swift; sourceTree = "<group>"; };
		087A46A929243E2F00B5838A /* ProfileTableViewController.swift */ = {isa = PBXFileReference; lastKnownFileType = sourcecode.swift; path = ProfileTableViewController.swift; sourceTree = "<group>"; };
		0881661429315A31009A069D /* IncomingMessage.swift */ = {isa = PBXFileReference; lastKnownFileType = sourcecode.swift; path = IncomingMessage.swift; sourceTree = "<group>"; };
		08816A06292CE28A00D0FB49 /* MessageKitDefaults.swift */ = {isa = PBXFileReference; lastKnownFileType = sourcecode.swift; path = MessageKitDefaults.swift; sourceTree = "<group>"; };
		08816A08292CE61C00D0FB49 /* MKMessage.swift */ = {isa = PBXFileReference; lastKnownFileType = sourcecode.swift; path = MKMessage.swift; sourceTree = "<group>"; };
		08816A0A292CF0E600D0FB49 /* LocalMessage.swift */ = {isa = PBXFileReference; lastKnownFileType = sourcecode.swift; path = LocalMessage.swift; sourceTree = "<group>"; };
		088226652940E4DD006E90C0 /* ChannelsTableViewController.swift */ = {isa = PBXFileReference; lastKnownFileType = sourcecode.swift; path = ChannelsTableViewController.swift; sourceTree = "<group>"; };
		088226672940E79A006E90C0 /* Channel.swift */ = {isa = PBXFileReference; lastKnownFileType = sourcecode.swift; path = Channel.swift; sourceTree = "<group>"; };
		088226692940E91D006E90C0 /* ChannelTableViewCell.swift */ = {isa = PBXFileReference; lastKnownFileType = sourcecode.swift; path = ChannelTableViewCell.swift; sourceTree = "<group>"; };
		089FCBC0293A486900B14FEF /* LocationMessage.swift */ = {isa = PBXFileReference; lastKnownFileType = sourcecode.swift; path = LocationMessage.swift; sourceTree = "<group>"; };
		08A416C4293138ED0087431E /* FirebaseMessageListener.swift */ = {isa = PBXFileReference; lastKnownFileType = sourcecode.swift; path = FirebaseMessageListener.swift; sourceTree = "<group>"; };
		08D78648293F8CC700698924 /* BasicAudioController.swift */ = {isa = PBXFileReference; lastKnownFileType = sourcecode.swift; path = BasicAudioController.swift; sourceTree = "<group>"; };
		08D83A892942081C0066F8FF /* MyChannelsTableViewController.swift */ = {isa = PBXFileReference; lastKnownFileType = sourcecode.swift; path = MyChannelsTableViewController.swift; sourceTree = "<group>"; };
		08D83A8B2942082B0066F8FF /* AddChannelTableViewController.swift */ = {isa = PBXFileReference; lastKnownFileType = sourcecode.swift; path = AddChannelTableViewController.swift; sourceTree = "<group>"; };
		08D83A8D29420FCB0066F8FF /* FirebaseChannelListener.swift */ = {isa = PBXFileReference; lastKnownFileType = sourcecode.swift; path = FirebaseChannelListener.swift; sourceTree = "<group>"; };
		08DFC3122934B40A00191B87 /* FirebaseTypingListener.swift */ = {isa = PBXFileReference; lastKnownFileType = sourcecode.swift; path = FirebaseTypingListener.swift; sourceTree = "<group>"; };
		08F71F282938A0A000677EB1 /* PhotoMessage.swift */ = {isa = PBXFileReference; lastKnownFileType = sourcecode.swift; path = PhotoMessage.swift; sourceTree = "<group>"; };
		08F71F2A2938A84100677EB1 /* VideoMessage.swift */ = {isa = PBXFileReference; lastKnownFileType = sourcecode.swift; path = VideoMessage.swift; sourceTree = "<group>"; };
		08FB2CD1293A28960041A222 /* LocationManager.swift */ = {isa = PBXFileReference; lastKnownFileType = sourcecode.swift; path = LocationManager.swift; sourceTree = "<group>"; };
		9AFE0BC0B2B95B317D721C61 /* Pods_Xchat.framework */ = {isa = PBXFileReference; explicitFileType = wrapper.framework; includeInIndex = 0; path = Pods_Xchat.framework; sourceTree = BUILT_PRODUCTS_DIR; };
		ABAF02BB480C3C20ACE17BA5 /* Pods-Xchat.release.xcconfig */ = {isa = PBXFileReference; includeInIndex = 1; lastKnownFileType = text.xcconfig; name = "Pods-Xchat.release.xcconfig"; path = "Target Support Files/Pods-Xchat/Pods-Xchat.release.xcconfig"; sourceTree = "<group>"; };
		EB08E1658AE5A2B9B850BD3D /* Pods-Xchat.debug.xcconfig */ = {isa = PBXFileReference; includeInIndex = 1; lastKnownFileType = text.xcconfig; name = "Pods-Xchat.debug.xcconfig"; path = "Target Support Files/Pods-Xchat/Pods-Xchat.debug.xcconfig"; sourceTree = "<group>"; };
/* End PBXFileReference section */

/* Begin PBXFrameworksBuildPhase section */
		084A5B172915C19600F1F522 /* Frameworks */ = {
			isa = PBXFrameworksBuildPhase;
			buildActionMask = 2147483647;
			files = (
				948F6E7249A3E7FE0C7F8D76 /* Pods_Xchat.framework in Frameworks */,
			);
			runOnlyForDeploymentPostprocessing = 0;
		};
/* End PBXFrameworksBuildPhase section */

/* Begin PBXGroup section */
		081EFC8F292E86B50050A5FC /* RealmMessages */ = {
			isa = PBXGroup;
			children = (
				08816A0A292CF0E600D0FB49 /* LocalMessage.swift */,
				081EFC90292E86CC0050A5FC /* RealmManager.swift */,
			);
			name = RealmMessages;
			sourceTree = "<group>";
		};
		08225373292CE0890093B57B /* ChatViewExtensions */ = {
			isa = PBXGroup;
			children = (
				08225371292CE0820093B57B /* MessagesDataSource.swift */,
				08225374292CE0990093B57B /* MessageCellDelegate.swift */,
				08225376292CE0A30093B57B /* MessagesDisplayDelegate.swift */,
				08225378292CE0AD0093B57B /* MessagesLayoutDelegate.swift */,
				0822537A292CE0C20093B57B /* InputBarAccessoryViewDelegate.swift */,
			);
			name = ChatViewExtensions;
			sourceTree = "<group>";
		};
		084A5B112915C19600F1F522 = {
			isa = PBXGroup;
			children = (
				084A5B1C2915C19600F1F522 /* Xchat */,
				084A5B1B2915C19600F1F522 /* Products */,
				136A8261596B2C26170A0B18 /* Pods */,
				DE8BAD47390354489633D4AF /* Frameworks */,
			);
			sourceTree = "<group>";
		};
		084A5B1B2915C19600F1F522 /* Products */ = {
			isa = PBXGroup;
			children = (
				084A5B1A2915C19600F1F522 /* Xchat.app */,
			);
			name = Products;
			sourceTree = "<group>";
		};
		084A5B1C2915C19600F1F522 /* Xchat */ = {
			isa = PBXGroup;
			children = (
				084A5B1D2915C19600F1F522 /* AppDelegate.swift */,
				084A5B1F2915C19600F1F522 /* SceneDelegate.swift */,
				087A46A729243DCE00B5838A /* LoginViews */,
				087A46A829243DDC00B5838A /* MainViews */,
				087A46AB29243E3C00B5838A /* SecondaryViews */,
				087A46A529243DAB00B5838A /* SettingsViews */,
				087A46A629243DB800B5838A /* CustomCells */,
				084E3D8F291AEFB200EC243D /* FirebaseHelpers */,
				087A467B291EEEA500B5838A /* Helpers */,
				084E3D8A291AEBAA00EC243D /* Models */,
				084A5B232915C19600F1F522 /* Main.storyboard */,
				084E3D842916FDB700EC243D /* Files */,
			);
			path = Xchat;
			sourceTree = "<group>";
		};
		084E3D842916FDB700EC243D /* Files */ = {
			isa = PBXGroup;
			children = (
				084A5B262915C19800F1F522 /* Assets.xcassets */,
				084A5B282915C19800F1F522 /* LaunchScreen.storyboard */,
				084A5B2B2915C19800F1F522 /* Info.plist */,
				084E3D822916FDA000EC243D /* GoogleService-Info.plist */,
			);
			name = Files;
			sourceTree = "<group>";
		};
		084E3D8A291AEBAA00EC243D /* Models */ = {
			isa = PBXGroup;
			children = (
				084E3D88291AEBA200EC243D /* User.swift */,
				085FCB6229254D3200092021 /* RecentChat.swift */,
				087A4680291FD4C800B5838A /* Status.swift */,
				08816A08292CE61C00D0FB49 /* MKMessage.swift */,
				081EFC92292E89730050A5FC /* OutgoingMessage.swift */,
				0881661429315A31009A069D /* IncomingMessage.swift */,
				08FB2CD1293A28960041A222 /* LocationManager.swift */,
				0857336B293AB5A2005436D6 /* MapAnnotation.swift */,
				08729EDB293DF63000CAA41B /* AudioRecorder.swift */,
				08D78648293F8CC700698924 /* BasicAudioController.swift */,
				088226672940E79A006E90C0 /* Channel.swift */,
				08FB2CD0293A28720041A222 /* MediaMessages */,
				081EFC8F292E86B50050A5FC /* RealmMessages */,
			);
			name = Models;
			sourceTree = "<group>";
		};
		084E3D8F291AEFB200EC243D /* FirebaseHelpers */ = {
			isa = PBXGroup;
			children = (
				084E3D8D291AEF3F00EC243D /* FirebaseCollectionReference.swift */,
				084E3D90291AEFF200EC243D /* FirebaseUserListener.swift */,
				08DFC3122934B40A00191B87 /* FirebaseTypingListener.swift */,
				0822BECA2927B40D008FF7C4 /* FirebaseRecentListener.swift */,
				08A416C4293138ED0087431E /* FirebaseMessageListener.swift */,
				08D83A8D29420FCB0066F8FF /* FirebaseChannelListener.swift */,
				087A4679291EEDC500B5838A /* FileStorage.swift */,
			);
			name = FirebaseHelpers;
			sourceTree = "<group>";
		};
		087A467B291EEEA500B5838A /* Helpers */ = {
			isa = PBXGroup;
			children = (
				084E3D8B291AED7000EC243D /* Constants.swift */,
				087A467C291FCA4600B5838A /* GlobalFunctions.swift */,
				0822BEC82927AEFC008FF7C4 /* StartChat.swift */,
				087A467E291FD0C600B5838A /* Extensions .swift */,
				08816A06292CE28A00D0FB49 /* MessageKitDefaults.swift */,
			);
			name = Helpers;
			sourceTree = "<group>";
		};
		087A46A529243DAB00B5838A /* SettingsViews */ = {
			isa = PBXGroup;
			children = (
				081244EA291DA4F9001BA6FE /* EditProfileTableViewController.swift */,
				087A4682291FD7CB00B5838A /* StatusTableViewController.swift */,
			);
			name = SettingsViews;
			sourceTree = "<group>";
		};
		087A46A629243DB800B5838A /* CustomCells */ = {
			isa = PBXGroup;
			children = (
				087A46842922677100B5838A /* UserTableViewCell.swift */,
				0844D268292649330052383B /* RecentTableViewCell.swift */,
				088226692940E91D006E90C0 /* ChannelTableViewCell.swift */,
			);
			name = CustomCells;
			sourceTree = "<group>";
		};
		087A46A729243DCE00B5838A /* LoginViews */ = {
			isa = PBXGroup;
			children = (
				084A5B212915C19600F1F522 /* LoginViewController.swift */,
			);
			name = LoginViews;
			sourceTree = "<group>";
		};
		087A46A829243DDC00B5838A /* MainViews */ = {
			isa = PBXGroup;
			children = (
				087A46862922679200B5838A /* UsersTableViewController.swift */,
				0822BECC2927C2FB008FF7C4 /* ChatsTableViewController.swift */,
				088226652940E4DD006E90C0 /* ChannelsTableViewController.swift */,
				081244E8291D96EB001BA6FE /* SettingsTableViewController.swift */,
			);
			name = MainViews;
			sourceTree = "<group>";
		};
		087A46AB29243E3C00B5838A /* SecondaryViews */ = {
			isa = PBXGroup;
			children = (
				087A46A929243E2F00B5838A /* ProfileTableViewController.swift */,
				08573369293AB4C4005436D6 /* MapViewController.swift */,
				08213771292909E500AE4DEA /* ChatViewController.swift */,
				08D83A892942081C0066F8FF /* MyChannelsTableViewController.swift */,
				08D83A8B2942082B0066F8FF /* AddChannelTableViewController.swift */,
				08225373292CE0890093B57B /* ChatViewExtensions */,
			);
			name = SecondaryViews;
			sourceTree = "<group>";
		};
		08FB2CD0293A28720041A222 /* MediaMessages */ = {
			isa = PBXGroup;
			children = (
				08F71F282938A0A000677EB1 /* PhotoMessage.swift */,
				08F71F2A2938A84100677EB1 /* VideoMessage.swift */,
				08729EDD293DFEEF00CAA41B /* AudioMessage.swift */,
				089FCBC0293A486900B14FEF /* LocationMessage.swift */,
			);
			name = MediaMessages;
			sourceTree = "<group>";
		};
		136A8261596B2C26170A0B18 /* Pods */ = {
			isa = PBXGroup;
			children = (
				EB08E1658AE5A2B9B850BD3D /* Pods-Xchat.debug.xcconfig */,
				ABAF02BB480C3C20ACE17BA5 /* Pods-Xchat.release.xcconfig */,
			);
			path = Pods;
			sourceTree = "<group>";
		};
		DE8BAD47390354489633D4AF /* Frameworks */ = {
			isa = PBXGroup;
			children = (
				9AFE0BC0B2B95B317D721C61 /* Pods_Xchat.framework */,
			);
			name = Frameworks;
			sourceTree = "<group>";
		};
/* End PBXGroup section */

/* Begin PBXNativeTarget section */
		084A5B192915C19600F1F522 /* Xchat */ = {
			isa = PBXNativeTarget;
			buildConfigurationList = 084A5B2E2915C19800F1F522 /* Build configuration list for PBXNativeTarget "Xchat" */;
			buildPhases = (
				795F3414379F2FD88934BDF9 /* [CP] Check Pods Manifest.lock */,
				084A5B162915C19600F1F522 /* Sources */,
				084A5B172915C19600F1F522 /* Frameworks */,
				084A5B182915C19600F1F522 /* Resources */,
				20C28ECA11A768EC804A4466 /* [CP] Embed Pods Frameworks */,
			);
			buildRules = (
			);
			dependencies = (
			);
			name = Xchat;
			productName = Xchat;
			productReference = 084A5B1A2915C19600F1F522 /* Xchat.app */;
			productType = "com.apple.product-type.application";
		};
/* End PBXNativeTarget section */

/* Begin PBXProject section */
		084A5B122915C19600F1F522 /* Project object */ = {
			isa = PBXProject;
			attributes = {
				BuildIndependentTargetsInParallel = 1;
				LastSwiftUpdateCheck = 1410;
				LastUpgradeCheck = 1410;
				TargetAttributes = {
					084A5B192915C19600F1F522 = {
						CreatedOnToolsVersion = 14.1;
					};
				};
			};
			buildConfigurationList = 084A5B152915C19600F1F522 /* Build configuration list for PBXProject "Xchat" */;
			compatibilityVersion = "Xcode 14.0";
			developmentRegion = en;
			hasScannedForEncodings = 0;
			knownRegions = (
				en,
				Base,
			);
			mainGroup = 084A5B112915C19600F1F522;
			productRefGroup = 084A5B1B2915C19600F1F522 /* Products */;
			projectDirPath = "";
			projectRoot = "";
			targets = (
				084A5B192915C19600F1F522 /* Xchat */,
			);
		};
/* End PBXProject section */

/* Begin PBXResourcesBuildPhase section */
		084A5B182915C19600F1F522 /* Resources */ = {
			isa = PBXResourcesBuildPhase;
			buildActionMask = 2147483647;
			files = (
				084A5B2A2915C19800F1F522 /* LaunchScreen.storyboard in Resources */,
				084E3D832916FDA000EC243D /* GoogleService-Info.plist in Resources */,
				084A5B272915C19800F1F522 /* Assets.xcassets in Resources */,
				084A5B252915C19600F1F522 /* Main.storyboard in Resources */,
			);
			runOnlyForDeploymentPostprocessing = 0;
		};
/* End PBXResourcesBuildPhase section */

/* Begin PBXShellScriptBuildPhase section */
		20C28ECA11A768EC804A4466 /* [CP] Embed Pods Frameworks */ = {
			isa = PBXShellScriptBuildPhase;
			buildActionMask = 2147483647;
			files = (
			);
			inputFileListPaths = (
				"${PODS_ROOT}/Target Support Files/Pods-Xchat/Pods-Xchat-frameworks-${CONFIGURATION}-input-files.xcfilelist",
			);
			name = "[CP] Embed Pods Frameworks";
			outputFileListPaths = (
				"${PODS_ROOT}/Target Support Files/Pods-Xchat/Pods-Xchat-frameworks-${CONFIGURATION}-output-files.xcfilelist",
			);
			runOnlyForDeploymentPostprocessing = 0;
			shellPath = /bin/sh;
			shellScript = "\"${PODS_ROOT}/Target Support Files/Pods-Xchat/Pods-Xchat-frameworks.sh\"\n";
			showEnvVarsInLog = 0;
		};
		795F3414379F2FD88934BDF9 /* [CP] Check Pods Manifest.lock */ = {
			isa = PBXShellScriptBuildPhase;
			buildActionMask = 2147483647;
			files = (
			);
			inputFileListPaths = (
			);
			inputPaths = (
				"${PODS_PODFILE_DIR_PATH}/Podfile.lock",
				"${PODS_ROOT}/Manifest.lock",
			);
			name = "[CP] Check Pods Manifest.lock";
			outputFileListPaths = (
			);
			outputPaths = (
				"$(DERIVED_FILE_DIR)/Pods-Xchat-checkManifestLockResult.txt",
			);
			runOnlyForDeploymentPostprocessing = 0;
			shellPath = /bin/sh;
			shellScript = "diff \"${PODS_PODFILE_DIR_PATH}/Podfile.lock\" \"${PODS_ROOT}/Manifest.lock\" > /dev/null\nif [ $? != 0 ] ; then\n    # print error to STDERR\n    echo \"error: The sandbox is not in sync with the Podfile.lock. Run 'pod install' or update your CocoaPods installation.\" >&2\n    exit 1\nfi\n# This output is used by Xcode 'outputs' to avoid re-running this script phase.\necho \"SUCCESS\" > \"${SCRIPT_OUTPUT_FILE_0}\"\n";
			showEnvVarsInLog = 0;
		};
/* End PBXShellScriptBuildPhase section */

/* Begin PBXSourcesBuildPhase section */
		084A5B162915C19600F1F522 /* Sources */ = {
			isa = PBXSourcesBuildPhase;
			buildActionMask = 2147483647;
			files = (
				085FCB6329254D3200092021 /* RecentChat.swift in Sources */,
				08816A0B292CF0E700D0FB49 /* LocalMessage.swift in Sources */,
				087A467F291FD0C600B5838A /* Extensions .swift in Sources */,
				087A467D291FCA4600B5838A /* GlobalFunctions.swift in Sources */,
				0822BECB2927B40D008FF7C4 /* FirebaseRecentListener.swift in Sources */,
				084E3D8C291AED7000EC243D /* Constants.swift in Sources */,
				0822537B292CE0C20093B57B /* InputBarAccessoryViewDelegate.swift in Sources */,
				08816A07292CE28A00D0FB49 /* MessageKitDefaults.swift in Sources */,
				088226662940E4DD006E90C0 /* ChannelsTableViewController.swift in Sources */,
				08225375292CE0990093B57B /* MessageCellDelegate.swift in Sources */,
				08729EDC293DF63000CAA41B /* AudioRecorder.swift in Sources */,
				08D78649293F8CC700698924 /* BasicAudioController.swift in Sources */,
				087A467A291EEDC500B5838A /* FileStorage.swift in Sources */,
				087A46852922677100B5838A /* UserTableViewCell.swift in Sources */,
				084E3D89291AEBA200EC243D /* User.swift in Sources */,
				084A5B222915C19600F1F522 /* LoginViewController.swift in Sources */,
				087A46AA29243E3000B5838A /* ProfileTableViewController.swift in Sources */,
				0882266A2940E91D006E90C0 /* ChannelTableViewCell.swift in Sources */,
				084E3D8E291AEF3F00EC243D /* FirebaseCollectionReference.swift in Sources */,
				081EFC93292E89740050A5FC /* OutgoingMessage.swift in Sources */,
				081244E9291D96EB001BA6FE /* SettingsTableViewController.swift in Sources */,
				08D83A8C2942082B0066F8FF /* AddChannelTableViewController.swift in Sources */,
				08DFC3132934B40A00191B87 /* FirebaseTypingListener.swift in Sources */,
				081244EB291DA4F9001BA6FE /* EditProfileTableViewController.swift in Sources */,
				08F71F2B2938A84100677EB1 /* VideoMessage.swift in Sources */,
				087A4683291FD7CB00B5838A /* StatusTableViewController.swift in Sources */,
				087A4681291FD4C800B5838A /* Status.swift in Sources */,
				089FCBC1293A486900B14FEF /* LocationMessage.swift in Sources */,
				0857336C293AB5A2005436D6 /* MapAnnotation.swift in Sources */,
				084A5B1E2915C19600F1F522 /* AppDelegate.swift in Sources */,
				0881661529315A31009A069D /* IncomingMessage.swift in Sources */,
				088226682940E79A006E90C0 /* Channel.swift in Sources */,
				08213772292909E500AE4DEA /* ChatViewController.swift in Sources */,
				084E3D91291AEFF200EC243D /* FirebaseUserListener.swift in Sources */,
				08D83A8E29420FCB0066F8FF /* FirebaseChannelListener.swift in Sources */,
				08225379292CE0AD0093B57B /* MessagesLayoutDelegate.swift in Sources */,
				08F71F292938A0A000677EB1 /* PhotoMessage.swift in Sources */,
				08225377292CE0A30093B57B /* MessagesDisplayDelegate.swift in Sources */,
				08225372292CE0820093B57B /* MessagesDataSource.swift in Sources */,
				08A416C5293138ED0087431E /* FirebaseMessageListener.swift in Sources */,
				0857336A293AB4C4005436D6 /* MapViewController.swift in Sources */,
				081EFC91292E86CC0050A5FC /* RealmManager.swift in Sources */,
				0822BECD2927C2FB008FF7C4 /* ChatsTableViewController.swift in Sources */,
				08D83A8A2942081C0066F8FF /* MyChannelsTableViewController.swift in Sources */,
				0822BEC92927AEFC008FF7C4 /* StartChat.swift in Sources */,
				087A46872922679200B5838A /* UsersTableViewController.swift in Sources */,
				084A5B202915C19600F1F522 /* SceneDelegate.swift in Sources */,
				08729EDE293DFEEF00CAA41B /* AudioMessage.swift in Sources */,
				0844D269292649330052383B /* RecentTableViewCell.swift in Sources */,
				08816A09292CE61C00D0FB49 /* MKMessage.swift in Sources */,
				08FB2CD2293A28960041A222 /* LocationManager.swift in Sources */,
			);
			runOnlyForDeploymentPostprocessing = 0;
		};
/* End PBXSourcesBuildPhase section */

/* Begin PBXVariantGroup section */
		084A5B232915C19600F1F522 /* Main.storyboard */ = {
			isa = PBXVariantGroup;
			children = (
				084A5B242915C19600F1F522 /* Base */,
			);
			name = Main.storyboard;
			sourceTree = "<group>";
		};
		084A5B282915C19800F1F522 /* LaunchScreen.storyboard */ = {
			isa = PBXVariantGroup;
			children = (
				084A5B292915C19800F1F522 /* Base */,
			);
			name = LaunchScreen.storyboard;
			sourceTree = "<group>";
		};
/* End PBXVariantGroup section */

/* Begin XCBuildConfiguration section */
		084A5B2C2915C19800F1F522 /* Debug */ = {
			isa = XCBuildConfiguration;
			buildSettings = {
				ALWAYS_SEARCH_USER_PATHS = NO;
				CLANG_ANALYZER_NONNULL = YES;
				CLANG_ANALYZER_NUMBER_OBJECT_CONVERSION = YES_AGGRESSIVE;
				CLANG_CXX_LANGUAGE_STANDARD = "gnu++20";
				CLANG_ENABLE_MODULES = YES;
				CLANG_ENABLE_OBJC_ARC = YES;
				CLANG_ENABLE_OBJC_WEAK = YES;
				CLANG_WARN_BLOCK_CAPTURE_AUTORELEASING = YES;
				CLANG_WARN_BOOL_CONVERSION = YES;
				CLANG_WARN_COMMA = YES;
				CLANG_WARN_CONSTANT_CONVERSION = YES;
				CLANG_WARN_DEPRECATED_OBJC_IMPLEMENTATIONS = YES;
				CLANG_WARN_DIRECT_OBJC_ISA_USAGE = YES_ERROR;
				CLANG_WARN_DOCUMENTATION_COMMENTS = YES;
				CLANG_WARN_EMPTY_BODY = YES;
				CLANG_WARN_ENUM_CONVERSION = YES;
				CLANG_WARN_INFINITE_RECURSION = YES;
				CLANG_WARN_INT_CONVERSION = YES;
				CLANG_WARN_NON_LITERAL_NULL_CONVERSION = YES;
				CLANG_WARN_OBJC_IMPLICIT_RETAIN_SELF = YES;
				CLANG_WARN_OBJC_LITERAL_CONVERSION = YES;
				CLANG_WARN_OBJC_ROOT_CLASS = YES_ERROR;
				CLANG_WARN_QUOTED_INCLUDE_IN_FRAMEWORK_HEADER = YES;
				CLANG_WARN_RANGE_LOOP_ANALYSIS = YES;
				CLANG_WARN_STRICT_PROTOTYPES = YES;
				CLANG_WARN_SUSPICIOUS_MOVE = YES;
				CLANG_WARN_UNGUARDED_AVAILABILITY = YES_AGGRESSIVE;
				CLANG_WARN_UNREACHABLE_CODE = YES;
				CLANG_WARN__DUPLICATE_METHOD_MATCH = YES;
				COPY_PHASE_STRIP = NO;
				DEBUG_INFORMATION_FORMAT = dwarf;
				ENABLE_STRICT_OBJC_MSGSEND = YES;
				ENABLE_TESTABILITY = YES;
				GCC_C_LANGUAGE_STANDARD = gnu11;
				GCC_DYNAMIC_NO_PIC = NO;
				GCC_NO_COMMON_BLOCKS = YES;
				GCC_OPTIMIZATION_LEVEL = 0;
				GCC_PREPROCESSOR_DEFINITIONS = (
					"DEBUG=1",
					"$(inherited)",
				);
				GCC_WARN_64_TO_32_BIT_CONVERSION = YES;
				GCC_WARN_ABOUT_RETURN_TYPE = YES_ERROR;
				GCC_WARN_UNDECLARED_SELECTOR = YES;
				GCC_WARN_UNINITIALIZED_AUTOS = YES_AGGRESSIVE;
				GCC_WARN_UNUSED_FUNCTION = YES;
				GCC_WARN_UNUSED_VARIABLE = YES;
				IPHONEOS_DEPLOYMENT_TARGET = 16.1;
				MTL_ENABLE_DEBUG_INFO = INCLUDE_SOURCE;
				MTL_FAST_MATH = YES;
				ONLY_ACTIVE_ARCH = YES;
				SDKROOT = iphoneos;
				SWIFT_ACTIVE_COMPILATION_CONDITIONS = DEBUG;
				SWIFT_OPTIMIZATION_LEVEL = "-Onone";
			};
			name = Debug;
		};
		084A5B2D2915C19800F1F522 /* Release */ = {
			isa = XCBuildConfiguration;
			buildSettings = {
				ALWAYS_SEARCH_USER_PATHS = NO;
				CLANG_ANALYZER_NONNULL = YES;
				CLANG_ANALYZER_NUMBER_OBJECT_CONVERSION = YES_AGGRESSIVE;
				CLANG_CXX_LANGUAGE_STANDARD = "gnu++20";
				CLANG_ENABLE_MODULES = YES;
				CLANG_ENABLE_OBJC_ARC = YES;
				CLANG_ENABLE_OBJC_WEAK = YES;
				CLANG_WARN_BLOCK_CAPTURE_AUTORELEASING = YES;
				CLANG_WARN_BOOL_CONVERSION = YES;
				CLANG_WARN_COMMA = YES;
				CLANG_WARN_CONSTANT_CONVERSION = YES;
				CLANG_WARN_DEPRECATED_OBJC_IMPLEMENTATIONS = YES;
				CLANG_WARN_DIRECT_OBJC_ISA_USAGE = YES_ERROR;
				CLANG_WARN_DOCUMENTATION_COMMENTS = YES;
				CLANG_WARN_EMPTY_BODY = YES;
				CLANG_WARN_ENUM_CONVERSION = YES;
				CLANG_WARN_INFINITE_RECURSION = YES;
				CLANG_WARN_INT_CONVERSION = YES;
				CLANG_WARN_NON_LITERAL_NULL_CONVERSION = YES;
				CLANG_WARN_OBJC_IMPLICIT_RETAIN_SELF = YES;
				CLANG_WARN_OBJC_LITERAL_CONVERSION = YES;
				CLANG_WARN_OBJC_ROOT_CLASS = YES_ERROR;
				CLANG_WARN_QUOTED_INCLUDE_IN_FRAMEWORK_HEADER = YES;
				CLANG_WARN_RANGE_LOOP_ANALYSIS = YES;
				CLANG_WARN_STRICT_PROTOTYPES = YES;
				CLANG_WARN_SUSPICIOUS_MOVE = YES;
				CLANG_WARN_UNGUARDED_AVAILABILITY = YES_AGGRESSIVE;
				CLANG_WARN_UNREACHABLE_CODE = YES;
				CLANG_WARN__DUPLICATE_METHOD_MATCH = YES;
				COPY_PHASE_STRIP = NO;
				DEBUG_INFORMATION_FORMAT = "dwarf-with-dsym";
				ENABLE_NS_ASSERTIONS = NO;
				ENABLE_STRICT_OBJC_MSGSEND = YES;
				GCC_C_LANGUAGE_STANDARD = gnu11;
				GCC_NO_COMMON_BLOCKS = YES;
				GCC_WARN_64_TO_32_BIT_CONVERSION = YES;
				GCC_WARN_ABOUT_RETURN_TYPE = YES_ERROR;
				GCC_WARN_UNDECLARED_SELECTOR = YES;
				GCC_WARN_UNINITIALIZED_AUTOS = YES_AGGRESSIVE;
				GCC_WARN_UNUSED_FUNCTION = YES;
				GCC_WARN_UNUSED_VARIABLE = YES;
				IPHONEOS_DEPLOYMENT_TARGET = 16.1;
				MTL_ENABLE_DEBUG_INFO = NO;
				MTL_FAST_MATH = YES;
				SDKROOT = iphoneos;
				SWIFT_COMPILATION_MODE = wholemodule;
				SWIFT_OPTIMIZATION_LEVEL = "-O";
				VALIDATE_PRODUCT = YES;
			};
			name = Release;
		};
		084A5B2F2915C19800F1F522 /* Debug */ = {
			isa = XCBuildConfiguration;
			baseConfigurationReference = EB08E1658AE5A2B9B850BD3D /* Pods-Xchat.debug.xcconfig */;
			buildSettings = {
				ASSETCATALOG_COMPILER_APPICON_NAME = AppIcon;
				ASSETCATALOG_COMPILER_GLOBAL_ACCENT_COLOR_NAME = AccentColor;
				CODE_SIGN_STYLE = Automatic;
				CURRENT_PROJECT_VERSION = 1;
				DEVELOPMENT_TEAM = 9PF2GLF6PD;
				GENERATE_INFOPLIST_FILE = YES;
				INFOPLIST_FILE = Xchat/Info.plist;
				INFOPLIST_KEY_UIApplicationSupportsIndirectInputEvents = YES;
				INFOPLIST_KEY_UILaunchStoryboardName = LaunchScreen;
				INFOPLIST_KEY_UIMainStoryboardFile = Main;
				INFOPLIST_KEY_UISupportedInterfaceOrientations = UIInterfaceOrientationPortrait;
				INFOPLIST_KEY_UISupportedInterfaceOrientations_iPad = "UIInterfaceOrientationLandscapeLeft UIInterfaceOrientationLandscapeRight UIInterfaceOrientationPortrait UIInterfaceOrientationPortraitUpsideDown";
				IPHONEOS_DEPLOYMENT_TARGET = 15.0;
				LD_RUNPATH_SEARCH_PATHS = (
					"$(inherited)",
					"@executable_path/Frameworks",
				);
				MARKETING_VERSION = 1.0;
				PRODUCT_BUNDLE_IDENTIFIER = com.Beavean.Anthony.Xchat;
				PRODUCT_NAME = "$(TARGET_NAME)";
				SUPPORTED_PLATFORMS = "iphoneos iphonesimulator";
				SUPPORTS_MACCATALYST = NO;
				SUPPORTS_MAC_DESIGNED_FOR_IPHONE_IPAD = NO;
				SWIFT_EMIT_LOC_STRINGS = YES;
				SWIFT_VERSION = 5.0;
				TARGETED_DEVICE_FAMILY = 1;
			};
			name = Debug;
		};
		084A5B302915C19800F1F522 /* Release */ = {
			isa = XCBuildConfiguration;
			baseConfigurationReference = ABAF02BB480C3C20ACE17BA5 /* Pods-Xchat.release.xcconfig */;
			buildSettings = {
				ASSETCATALOG_COMPILER_APPICON_NAME = AppIcon;
				ASSETCATALOG_COMPILER_GLOBAL_ACCENT_COLOR_NAME = AccentColor;
				CODE_SIGN_STYLE = Automatic;
				CURRENT_PROJECT_VERSION = 1;
				DEVELOPMENT_TEAM = 9PF2GLF6PD;
				GENERATE_INFOPLIST_FILE = YES;
				INFOPLIST_FILE = Xchat/Info.plist;
				INFOPLIST_KEY_UIApplicationSupportsIndirectInputEvents = YES;
				INFOPLIST_KEY_UILaunchStoryboardName = LaunchScreen;
				INFOPLIST_KEY_UIMainStoryboardFile = Main;
				INFOPLIST_KEY_UISupportedInterfaceOrientations = UIInterfaceOrientationPortrait;
				INFOPLIST_KEY_UISupportedInterfaceOrientations_iPad = "UIInterfaceOrientationLandscapeLeft UIInterfaceOrientationLandscapeRight UIInterfaceOrientationPortrait UIInterfaceOrientationPortraitUpsideDown";
				IPHONEOS_DEPLOYMENT_TARGET = 15.0;
				LD_RUNPATH_SEARCH_PATHS = (
					"$(inherited)",
					"@executable_path/Frameworks",
				);
				MARKETING_VERSION = 1.0;
				PRODUCT_BUNDLE_IDENTIFIER = com.Beavean.Anthony.Xchat;
				PRODUCT_NAME = "$(TARGET_NAME)";
				SUPPORTED_PLATFORMS = "iphoneos iphonesimulator";
				SUPPORTS_MACCATALYST = NO;
				SUPPORTS_MAC_DESIGNED_FOR_IPHONE_IPAD = NO;
				SWIFT_EMIT_LOC_STRINGS = YES;
				SWIFT_VERSION = 5.0;
				TARGETED_DEVICE_FAMILY = 1;
			};
			name = Release;
		};
/* End XCBuildConfiguration section */

/* Begin XCConfigurationList section */
		084A5B152915C19600F1F522 /* Build configuration list for PBXProject "Xchat" */ = {
			isa = XCConfigurationList;
			buildConfigurations = (
				084A5B2C2915C19800F1F522 /* Debug */,
				084A5B2D2915C19800F1F522 /* Release */,
			);
			defaultConfigurationIsVisible = 0;
			defaultConfigurationName = Release;
		};
		084A5B2E2915C19800F1F522 /* Build configuration list for PBXNativeTarget "Xchat" */ = {
			isa = XCConfigurationList;
			buildConfigurations = (
				084A5B2F2915C19800F1F522 /* Debug */,
				084A5B302915C19800F1F522 /* Release */,
			);
			defaultConfigurationIsVisible = 0;
			defaultConfigurationName = Release;
		};
/* End XCConfigurationList section */
	};
	rootObject = 084A5B122915C19600F1F522 /* Project object */;
}
